
Microsoft Visual Studio Solution File, Format Version 12.00
# Visual Studio Version 17
VisualStudioVersion = 17.3.32929.385
MinimumVisualStudioVersion = 10.0.40219.1
Project("{FAE04EC0-301F-11D3-BF4B-00C04F79EFBC}") = "Ambrus_Andrea_Lab2", "Ambrus_Andrea_Lab2.csproj", "{52BCF801-2B6D-4C63-A3E0-B26F42672E8B}"
EndProject
Global
	GlobalSection(SolutionConfigurationPlatforms) = preSolution
		Debug|Any CPU = Debug|Any CPU
		Release|Any CPU = Release|Any CPU
	EndGlobalSection
	GlobalSection(ProjectConfigurationPlatforms) = postSolution
		{52BCF801-2B6D-4C63-A3E0-B26F42672E8B}.Debug|Any CPU.ActiveCfg = Debug|Any CPU
		{52BCF801-2B6D-4C63-A3E0-B26F42672E8B}.Debug|Any CPU.Build.0 = Debug|Any CPU
		{52BCF801-2B6D-4C63-A3E0-B26F42672E8B}.Release|Any CPU.ActiveCfg = Release|Any CPU
		{52BCF801-2B6D-4C63-A3E0-B26F42672E8B}.Release|Any CPU.Build.0 = Release|Any CPU
	EndGlobalSection
	GlobalSection(SolutionProperties) = preSolution
		HideSolutionNode = FALSE
	EndGlobalSection
	GlobalSection(ExtensibilityGlobals) = postSolution
		SolutionGuid = {030995B2-9163-4A69-8434-4C679DE55B65}
	EndGlobalSection
EndGlobal
